
Microsoft Visual Studio Solution File, Format Version 12.00
# Visual Studio 2013
VisualStudioVersion = 12.0.31101.0
MinimumVisualStudioVersion = 10.0.40219.1
Project("{00D1A9C2-B5F0-4AF3-8072-F6C62B433612}") = "SA_DataStore", "DataStore\SA_DataStore.sqlproj", "{DE3E0356-B21B-4A27-AC68-830BEC2106B3}"
EndProject
Project("{00D1A9C2-B5F0-4AF3-8072-F6C62B433612}") = "ADM_DataStore", "ADM_DataStore\ADM_DataStore.sqlproj", "{27696C20-9983-4FAC-93D6-D590B95B0488}"
EndProject
Global
	GlobalSection(SolutionConfigurationPlatforms) = preSolution
		Debug|Any CPU = Debug|Any CPU
		Release|Any CPU = Release|Any CPU
	EndGlobalSection
	GlobalSection(ProjectConfigurationPlatforms) = postSolution
		{DE3E0356-B21B-4A27-AC68-830BEC2106B3}.Debug|Any CPU.ActiveCfg = Debug|Any CPU
		{DE3E0356-B21B-4A27-AC68-830BEC2106B3}.Debug|Any CPU.Build.0 = Debug|Any CPU
		{DE3E0356-B21B-4A27-AC68-830BEC2106B3}.Debug|Any CPU.Deploy.0 = Debug|Any CPU
		{DE3E0356-B21B-4A27-AC68-830BEC2106B3}.Release|Any CPU.ActiveCfg = Release|Any CPU
		{DE3E0356-B21B-4A27-AC68-830BEC2106B3}.Release|Any CPU.Build.0 = Release|Any CPU
		{DE3E0356-B21B-4A27-AC68-830BEC2106B3}.Release|Any CPU.Deploy.0 = Release|Any CPU
		{27696C20-9983-4FAC-93D6-D590B95B0488}.Debug|Any CPU.ActiveCfg = Debug|Any CPU
		{27696C20-9983-4FAC-93D6-D590B95B0488}.Debug|Any CPU.Build.0 = Debug|Any CPU
		{27696C20-9983-4FAC-93D6-D590B95B0488}.Debug|Any CPU.Deploy.0 = Debug|Any CPU
		{27696C20-9983-4FAC-93D6-D590B95B0488}.Release|Any CPU.ActiveCfg = Release|Any CPU
		{27696C20-9983-4FAC-93D6-D590B95B0488}.Release|Any CPU.Build.0 = Release|Any CPU
		{27696C20-9983-4FAC-93D6-D590B95B0488}.Release|Any CPU.Deploy.0 = Release|Any CPU
	EndGlobalSection
	GlobalSection(SolutionProperties) = preSolution
		HideSolutionNode = FALSE
	EndGlobalSection
EndGlobal
